
Microsoft Visual Studio Solution File, Format Version 12.00
# Visual Studio Version 17
VisualStudioVersion = 17.3.32922.545
MinimumVisualStudioVersion = 10.0.40219.1
Project("{FAE04EC0-301F-11D3-BF4B-00C04F79EFBC}") = "SimpleCalculatorClassLibrary", "ISimpleCalculatorClassLibrary\SimpleCalculatorClassLibrary.csproj", "{6E9CA967-5C1F-470D-922D-C9FBA87B5194}"
EndProject
Project("{FAE04EC0-301F-11D3-BF4B-00C04F79EFBC}") = "CalaculatorUnitTest", "CalaculatorUnitTest\CalaculatorUnitTest.csproj", "{71FAAEBC-CDED-4CCC-B3F9-ADF210A9471A}"
EndProject
Project("{FAE04EC0-301F-11D3-BF4B-00C04F79EFBC}") = "CalculatorRESTfulWebService", "CalculatorRESTfulWebService\CalculatorRESTfulWebService.csproj", "{395B850B-4781-4068-9279-44BC559C99D9}"
EndProject
Global
	GlobalSection(SolutionConfigurationPlatforms) = preSolution
		Debug|Any CPU = Debug|Any CPU
		Release|Any CPU = Release|Any CPU
	EndGlobalSection
	GlobalSection(ProjectConfigurationPlatforms) = postSolution
		{6E9CA967-5C1F-470D-922D-C9FBA87B5194}.Debug|Any CPU.ActiveCfg = Debug|Any CPU
		{6E9CA967-5C1F-470D-922D-C9FBA87B5194}.Debug|Any CPU.Build.0 = Debug|Any CPU
		{6E9CA967-5C1F-470D-922D-C9FBA87B5194}.Release|Any CPU.ActiveCfg = Release|Any CPU
		{6E9CA967-5C1F-470D-922D-C9FBA87B5194}.Release|Any CPU.Build.0 = Release|Any CPU
		{71FAAEBC-CDED-4CCC-B3F9-ADF210A9471A}.Debug|Any CPU.ActiveCfg = Debug|Any CPU
		{71FAAEBC-CDED-4CCC-B3F9-ADF210A9471A}.Debug|Any CPU.Build.0 = Debug|Any CPU
		{71FAAEBC-CDED-4CCC-B3F9-ADF210A9471A}.Release|Any CPU.ActiveCfg = Release|Any CPU
		{71FAAEBC-CDED-4CCC-B3F9-ADF210A9471A}.Release|Any CPU.Build.0 = Release|Any CPU
		{395B850B-4781-4068-9279-44BC559C99D9}.Debug|Any CPU.ActiveCfg = Debug|Any CPU
		{395B850B-4781-4068-9279-44BC559C99D9}.Debug|Any CPU.Build.0 = Debug|Any CPU
		{395B850B-4781-4068-9279-44BC559C99D9}.Release|Any CPU.ActiveCfg = Release|Any CPU
		{395B850B-4781-4068-9279-44BC559C99D9}.Release|Any CPU.Build.0 = Release|Any CPU
	EndGlobalSection
	GlobalSection(SolutionProperties) = preSolution
		HideSolutionNode = FALSE
	EndGlobalSection
	GlobalSection(ExtensibilityGlobals) = postSolution
		SolutionGuid = {7C145B00-FF65-461F-BFF1-2D8C2D9CDEEC}
	EndGlobalSection
EndGlobal
